
Microsoft Visual Studio Solution File, Format Version 12.00
# Visual Studio Version 17
VisualStudioVersion = 17.0.31903.59
MinimumVisualStudioVersion = 10.0.40219.1
Project("{2150E333-8FDC-42A3-9474-1A3956D46DE8}") = "src", "src", "{827E0CD3-B72D-47B6-A68D-7590B98EB39B}"
EndProject
Project("{FAE04EC0-301F-11D3-BF4B-00C04F79EFBC}") = "TurboPilot", "src\TurboPilot\TurboPilot.csproj", "{7BA083C4-9146-4FF9-8E58-96D88E0F9DD1}"
EndProject
Project("{2150E333-8FDC-42A3-9474-1A3956D46DE8}") = "submodules", "submodules", "{1B7B1A4C-2237-1E0A-F33C-7D0D0E0BE4F5}"
EndProject
Project("{2150E333-8FDC-42A3-9474-1A3956D46DE8}") = "turboland-wpf", "turboland-wpf", "{88614EA3-92C0-FD2D-CDFE-19CA653B1B27}"
EndProject
Project("{2150E333-8FDC-42A3-9474-1A3956D46DE8}") = "src", "src", "{A89646F6-0B94-D7CB-4ADA-0A31F29148BD}"
EndProject
Project("{FAE04EC0-301F-11D3-BF4B-00C04F79EFBC}") = "TurbolandTheme.Wpf", "src\submodules\turboland-wpf\src\TurbolandTheme.Wpf\TurbolandTheme.Wpf.csproj", "{6163D021-8335-49F5-B5BE-2950762C023C}"
EndProject
Project("{FAE04EC0-301F-11D3-BF4B-00C04F79EFBC}") = "TurbolandTheme.Core", "src\submodules\turboland-wpf\src\TurbolandTheme.Core\TurbolandTheme.Core.csproj", "{E14DEFDB-74FD-47DF-9DB4-1724B1002B2C}"
EndProject
Global
	GlobalSection(SolutionConfigurationPlatforms) = preSolution
		Debug|Any CPU = Debug|Any CPU
		Debug|x64 = Debug|x64
		Debug|x86 = Debug|x86
		Release|Any CPU = Release|Any CPU
		Release|x64 = Release|x64
		Release|x86 = Release|x86
	EndGlobalSection
	GlobalSection(ProjectConfigurationPlatforms) = postSolution
		{7BA083C4-9146-4FF9-8E58-96D88E0F9DD1}.Debug|Any CPU.ActiveCfg = Debug|Any CPU
		{7BA083C4-9146-4FF9-8E58-96D88E0F9DD1}.Debug|Any CPU.Build.0 = Debug|Any CPU
		{7BA083C4-9146-4FF9-8E58-96D88E0F9DD1}.Debug|x64.ActiveCfg = Debug|Any CPU
		{7BA083C4-9146-4FF9-8E58-96D88E0F9DD1}.Debug|x64.Build.0 = Debug|Any CPU
		{7BA083C4-9146-4FF9-8E58-96D88E0F9DD1}.Debug|x86.ActiveCfg = Debug|Any CPU
		{7BA083C4-9146-4FF9-8E58-96D88E0F9DD1}.Debug|x86.Build.0 = Debug|Any CPU
		{7BA083C4-9146-4FF9-8E58-96D88E0F9DD1}.Release|Any CPU.ActiveCfg = Release|Any CPU
		{7BA083C4-9146-4FF9-8E58-96D88E0F9DD1}.Release|Any CPU.Build.0 = Release|Any CPU
		{7BA083C4-9146-4FF9-8E58-96D88E0F9DD1}.Release|x64.ActiveCfg = Release|Any CPU
		{7BA083C4-9146-4FF9-8E58-96D88E0F9DD1}.Release|x64.Build.0 = Release|Any CPU
		{7BA083C4-9146-4FF9-8E58-96D88E0F9DD1}.Release|x86.ActiveCfg = Release|Any CPU
		{7BA083C4-9146-4FF9-8E58-96D88E0F9DD1}.Release|x86.Build.0 = Release|Any CPU
		{6163D021-8335-49F5-B5BE-2950762C023C}.Debug|Any CPU.ActiveCfg = Debug|Any CPU
		{6163D021-8335-49F5-B5BE-2950762C023C}.Debug|Any CPU.Build.0 = Debug|Any CPU
		{6163D021-8335-49F5-B5BE-2950762C023C}.Debug|x64.ActiveCfg = Debug|Any CPU
		{6163D021-8335-49F5-B5BE-2950762C023C}.Debug|x64.Build.0 = Debug|Any CPU
		{6163D021-8335-49F5-B5BE-2950762C023C}.Debug|x86.ActiveCfg = Debug|Any CPU
		{6163D021-8335-49F5-B5BE-2950762C023C}.Debug|x86.Build.0 = Debug|Any CPU
		{6163D021-8335-49F5-B5BE-2950762C023C}.Release|Any CPU.ActiveCfg = Release|Any CPU
		{6163D021-8335-49F5-B5BE-2950762C023C}.Release|Any CPU.Build.0 = Release|Any CPU
		{6163D021-8335-49F5-B5BE-2950762C023C}.Release|x64.ActiveCfg = Release|Any CPU
		{6163D021-8335-49F5-B5BE-2950762C023C}.Release|x64.Build.0 = Release|Any CPU
		{6163D021-8335-49F5-B5BE-2950762C023C}.Release|x86.ActiveCfg = Release|Any CPU
		{6163D021-8335-49F5-B5BE-2950762C023C}.Release|x86.Build.0 = Release|Any CPU
		{E14DEFDB-74FD-47DF-9DB4-1724B1002B2C}.Debug|Any CPU.ActiveCfg = Debug|Any CPU
		{E14DEFDB-74FD-47DF-9DB4-1724B1002B2C}.Debug|Any CPU.Build.0 = Debug|Any CPU
		{E14DEFDB-74FD-47DF-9DB4-1724B1002B2C}.Debug|x64.ActiveCfg = Debug|Any CPU
		{E14DEFDB-74FD-47DF-9DB4-1724B1002B2C}.Debug|x64.Build.0 = Debug|Any CPU
		{E14DEFDB-74FD-47DF-9DB4-1724B1002B2C}.Debug|x86.ActiveCfg = Debug|Any CPU
		{E14DEFDB-74FD-47DF-9DB4-1724B1002B2C}.Debug|x86.Build.0 = Debug|Any CPU
		{E14DEFDB-74FD-47DF-9DB4-1724B1002B2C}.Release|Any CPU.ActiveCfg = Release|Any CPU
		{E14DEFDB-74FD-47DF-9DB4-1724B1002B2C}.Release|Any CPU.Build.0 = Release|Any CPU
		{E14DEFDB-74FD-47DF-9DB4-1724B1002B2C}.Release|x64.ActiveCfg = Release|Any CPU
		{E14DEFDB-74FD-47DF-9DB4-1724B1002B2C}.Release|x64.Build.0 = Release|Any CPU
		{E14DEFDB-74FD-47DF-9DB4-1724B1002B2C}.Release|x86.ActiveCfg = Release|Any CPU
		{E14DEFDB-74FD-47DF-9DB4-1724B1002B2C}.Release|x86.Build.0 = Release|Any CPU
	EndGlobalSection
	GlobalSection(SolutionProperties) = preSolution
		HideSolutionNode = FALSE
	EndGlobalSection
	GlobalSection(NestedProjects) = preSolution
		{7BA083C4-9146-4FF9-8E58-96D88E0F9DD1} = {827E0CD3-B72D-47B6-A68D-7590B98EB39B}
		{1B7B1A4C-2237-1E0A-F33C-7D0D0E0BE4F5} = {827E0CD3-B72D-47B6-A68D-7590B98EB39B}
		{88614EA3-92C0-FD2D-CDFE-19CA653B1B27} = {1B7B1A4C-2237-1E0A-F33C-7D0D0E0BE4F5}
		{A89646F6-0B94-D7CB-4ADA-0A31F29148BD} = {88614EA3-92C0-FD2D-CDFE-19CA653B1B27}
		{6163D021-8335-49F5-B5BE-2950762C023C} = {A89646F6-0B94-D7CB-4ADA-0A31F29148BD}
		{E14DEFDB-74FD-47DF-9DB4-1724B1002B2C} = {A89646F6-0B94-D7CB-4ADA-0A31F29148BD}
	EndGlobalSection
EndGlobal
